
Microsoft Visual Studio Solution File, Format Version 12.00
# Visual Studio 14
VisualStudioVersion = 14.0.23107.0
MinimumVisualStudioVersion = 10.0.40219.1
Project("{FAE04EC0-301F-11D3-BF4B-00C04F79EFBC}") = "App1", "App1\App1\App1.csproj", "{A18F8EF7-89F3-4343-AA5E-2AC56B025E4D}"
EndProject
Project("{FAE04EC0-301F-11D3-BF4B-00C04F79EFBC}") = "App1.iOS", "App1\App1.iOS\App1.iOS.csproj", "{1E9B0DFA-6656-4937-9049-567CC050E886}"
EndProject
Project("{FAE04EC0-301F-11D3-BF4B-00C04F79EFBC}") = "App1.Droid", "App1\App1.Droid\App1.Droid.csproj", "{06186FD4-F5D9-4344-8A78-1993EA0954FF}"
EndProject
Project("{FAE04EC0-301F-11D3-BF4B-00C04F79EFBC}") = "App1.WinPhone", "App1\App1.WinPhone\App1.WinPhone.csproj", "{E9D94BDC-8F49-417B-BFFD-269BAB8BC647}"
EndProject
Global
	GlobalSection(SolutionConfigurationPlatforms) = preSolution
		Ad-Hoc|Any CPU = Ad-Hoc|Any CPU
		Ad-Hoc|ARM = Ad-Hoc|ARM
		Ad-Hoc|iPhone = Ad-Hoc|iPhone
		Ad-Hoc|iPhoneSimulator = Ad-Hoc|iPhoneSimulator
		Ad-Hoc|x86 = Ad-Hoc|x86
		AppStore|Any CPU = AppStore|Any CPU
		AppStore|ARM = AppStore|ARM
		AppStore|iPhone = AppStore|iPhone
		AppStore|iPhoneSimulator = AppStore|iPhoneSimulator
		AppStore|x86 = AppStore|x86
		Debug|Any CPU = Debug|Any CPU
		Debug|ARM = Debug|ARM
		Debug|iPhone = Debug|iPhone
		Debug|iPhoneSimulator = Debug|iPhoneSimulator
		Debug|x86 = Debug|x86
		Release|Any CPU = Release|Any CPU
		Release|ARM = Release|ARM
		Release|iPhone = Release|iPhone
		Release|iPhoneSimulator = Release|iPhoneSimulator
		Release|x86 = Release|x86
	EndGlobalSection
	GlobalSection(ProjectConfigurationPlatforms) = postSolution
		{A18F8EF7-89F3-4343-AA5E-2AC56B025E4D}.Ad-Hoc|Any CPU.ActiveCfg = Release|Any CPU
		{A18F8EF7-89F3-4343-AA5E-2AC56B025E4D}.Ad-Hoc|Any CPU.Build.0 = Release|Any CPU
		{A18F8EF7-89F3-4343-AA5E-2AC56B025E4D}.Ad-Hoc|ARM.ActiveCfg = Release|Any CPU
		{A18F8EF7-89F3-4343-AA5E-2AC56B025E4D}.Ad-Hoc|ARM.Build.0 = Release|Any CPU
		{A18F8EF7-89F3-4343-AA5E-2AC56B025E4D}.Ad-Hoc|iPhone.ActiveCfg = Release|Any CPU
		{A18F8EF7-89F3-4343-AA5E-2AC56B025E4D}.Ad-Hoc|iPhone.Build.0 = Release|Any CPU
		{A18F8EF7-89F3-4343-AA5E-2AC56B025E4D}.Ad-Hoc|iPhoneSimulator.ActiveCfg = Release|Any CPU
		{A18F8EF7-89F3-4343-AA5E-2AC56B025E4D}.Ad-Hoc|iPhoneSimulator.Build.0 = Release|Any CPU
		{A18F8EF7-89F3-4343-AA5E-2AC56B025E4D}.Ad-Hoc|x86.ActiveCfg = Release|Any CPU
		{A18F8EF7-89F3-4343-AA5E-2AC56B025E4D}.Ad-Hoc|x86.Build.0 = Release|Any CPU
		{A18F8EF7-89F3-4343-AA5E-2AC56B025E4D}.AppStore|Any CPU.ActiveCfg = Release|Any CPU
		{A18F8EF7-89F3-4343-AA5E-2AC56B025E4D}.AppStore|Any CPU.Build.0 = Release|Any CPU
		{A18F8EF7-89F3-4343-AA5E-2AC56B025E4D}.AppStore|ARM.ActiveCfg = Release|Any CPU
		{A18F8EF7-89F3-4343-AA5E-2AC56B025E4D}.AppStore|ARM.Build.0 = Release|Any CPU
		{A18F8EF7-89F3-4343-AA5E-2AC56B025E4D}.AppStore|iPhone.ActiveCfg = Release|Any CPU
		{A18F8EF7-89F3-4343-AA5E-2AC56B025E4D}.AppStore|iPhone.Build.0 = Release|Any CPU
		{A18F8EF7-89F3-4343-AA5E-2AC56B025E4D}.AppStore|iPhoneSimulator.ActiveCfg = Release|Any CPU
		{A18F8EF7-89F3-4343-AA5E-2AC56B025E4D}.AppStore|iPhoneSimulator.Build.0 = Release|Any CPU
		{A18F8EF7-89F3-4343-AA5E-2AC56B025E4D}.AppStore|x86.ActiveCfg = Release|Any CPU
		{A18F8EF7-89F3-4343-AA5E-2AC56B025E4D}.AppStore|x86.Build.0 = Release|Any CPU
		{A18F8EF7-89F3-4343-AA5E-2AC56B025E4D}.Debug|Any CPU.ActiveCfg = Debug|Any CPU
		{A18F8EF7-89F3-4343-AA5E-2AC56B025E4D}.Debug|Any CPU.Build.0 = Debug|Any CPU
		{A18F8EF7-89F3-4343-AA5E-2AC56B025E4D}.Debug|ARM.ActiveCfg = Debug|Any CPU
		{A18F8EF7-89F3-4343-AA5E-2AC56B025E4D}.Debug|ARM.Build.0 = Debug|Any CPU
		{A18F8EF7-89F3-4343-AA5E-2AC56B025E4D}.Debug|iPhone.ActiveCfg = Debug|Any CPU
		{A18F8EF7-89F3-4343-AA5E-2AC56B025E4D}.Debug|iPhone.Build.0 = Debug|Any CPU
		{A18F8EF7-89F3-4343-AA5E-2AC56B025E4D}.Debug|iPhoneSimulator.ActiveCfg = Debug|Any CPU
		{A18F8EF7-89F3-4343-AA5E-2AC56B025E4D}.Debug|iPhoneSimulator.Build.0 = Debug|Any CPU
		{A18F8EF7-89F3-4343-AA5E-2AC56B025E4D}.Debug|x86.ActiveCfg = Debug|Any CPU
		{A18F8EF7-89F3-4343-AA5E-2AC56B025E4D}.Debug|x86.Build.0 = Debug|Any CPU
		{A18F8EF7-89F3-4343-AA5E-2AC56B025E4D}.Release|Any CPU.ActiveCfg = Release|Any CPU
		{A18F8EF7-89F3-4343-AA5E-2AC56B025E4D}.Release|Any CPU.Build.0 = Release|Any CPU
		{A18F8EF7-89F3-4343-AA5E-2AC56B025E4D}.Release|ARM.ActiveCfg = Release|Any CPU
		{A18F8EF7-89F3-4343-AA5E-2AC56B025E4D}.Release|ARM.Build.0 = Release|Any CPU
		{A18F8EF7-89F3-4343-AA5E-2AC56B025E4D}.Release|iPhone.ActiveCfg = Release|Any CPU
		{A18F8EF7-89F3-4343-AA5E-2AC56B025E4D}.Release|iPhone.Build.0 = Release|Any CPU
		{A18F8EF7-89F3-4343-AA5E-2AC56B025E4D}.Release|iPhoneSimulator.ActiveCfg = Release|Any CPU
		{A18F8EF7-89F3-4343-AA5E-2AC56B025E4D}.Release|iPhoneSimulator.Build.0 = Release|Any CPU
		{A18F8EF7-89F3-4343-AA5E-2AC56B025E4D}.Release|x86.ActiveCfg = Release|Any CPU
		{A18F8EF7-89F3-4343-AA5E-2AC56B025E4D}.Release|x86.Build.0 = Release|Any CPU
		{1E9B0DFA-6656-4937-9049-567CC050E886}.Ad-Hoc|Any CPU.ActiveCfg = Ad-Hoc|iPhone
		{1E9B0DFA-6656-4937-9049-567CC050E886}.Ad-Hoc|ARM.ActiveCfg = Ad-Hoc|iPhone
		{1E9B0DFA-6656-4937-9049-567CC050E886}.Ad-Hoc|iPhone.ActiveCfg = Ad-Hoc|iPhone
		{1E9B0DFA-6656-4937-9049-567CC050E886}.Ad-Hoc|iPhone.Build.0 = Ad-Hoc|iPhone
		{1E9B0DFA-6656-4937-9049-567CC050E886}.Ad-Hoc|iPhoneSimulator.ActiveCfg = Ad-Hoc|iPhoneSimulator
		{1E9B0DFA-6656-4937-9049-567CC050E886}.Ad-Hoc|iPhoneSimulator.Build.0 = Ad-Hoc|iPhoneSimulator
		{1E9B0DFA-6656-4937-9049-567CC050E886}.Ad-Hoc|x86.ActiveCfg = Ad-Hoc|iPhone
		{1E9B0DFA-6656-4937-9049-567CC050E886}.AppStore|Any CPU.ActiveCfg = AppStore|iPhone
		{1E9B0DFA-6656-4937-9049-567CC050E886}.AppStore|ARM.ActiveCfg = AppStore|iPhone
		{1E9B0DFA-6656-4937-9049-567CC050E886}.AppStore|iPhone.ActiveCfg = AppStore|iPhone
		{1E9B0DFA-6656-4937-9049-567CC050E886}.AppStore|iPhone.Build.0 = AppStore|iPhone
		{1E9B0DFA-6656-4937-9049-567CC050E886}.AppStore|iPhoneSimulator.ActiveCfg = AppStore|iPhoneSimulator
		{1E9B0DFA-6656-4937-9049-567CC050E886}.AppStore|iPhoneSimulator.Build.0 = AppStore|iPhoneSimulator
		{1E9B0DFA-6656-4937-9049-567CC050E886}.AppStore|x86.ActiveCfg = AppStore|iPhone
		{1E9B0DFA-6656-4937-9049-567CC050E886}.Debug|Any CPU.ActiveCfg = Debug|iPhone
		{1E9B0DFA-6656-4937-9049-567CC050E886}.Debug|ARM.ActiveCfg = Debug|iPhone
		{1E9B0DFA-6656-4937-9049-567CC050E886}.Debug|iPhone.ActiveCfg = Debug|iPhone
		{1E9B0DFA-6656-4937-9049-567CC050E886}.Debug|iPhone.Build.0 = Debug|iPhone
		{1E9B0DFA-6656-4937-9049-567CC050E886}.Debug|iPhoneSimulator.ActiveCfg = Debug|iPhoneSimulator
		{1E9B0DFA-6656-4937-9049-567CC050E886}.Debug|iPhoneSimulator.Build.0 = Debug|iPhoneSimulator
		{1E9B0DFA-6656-4937-9049-567CC050E886}.Debug|x86.ActiveCfg = Debug|iPhone
		{1E9B0DFA-6656-4937-9049-567CC050E886}.Release|Any CPU.ActiveCfg = Release|iPhone
		{1E9B0DFA-6656-4937-9049-567CC050E886}.Release|ARM.ActiveCfg = Release|iPhone
		{1E9B0DFA-6656-4937-9049-567CC050E886}.Release|iPhone.ActiveCfg = Release|iPhone
		{1E9B0DFA-6656-4937-9049-567CC050E886}.Release|iPhone.Build.0 = Release|iPhone
		{1E9B0DFA-6656-4937-9049-567CC050E886}.Release|iPhoneSimulator.ActiveCfg = Release|iPhoneSimulator
		{1E9B0DFA-6656-4937-9049-567CC050E886}.Release|iPhoneSimulator.Build.0 = Release|iPhoneSimulator
		{1E9B0DFA-6656-4937-9049-567CC050E886}.Release|x86.ActiveCfg = Release|iPhone
		{06186FD4-F5D9-4344-8A78-1993EA0954FF}.Ad-Hoc|Any CPU.ActiveCfg = Release|Any CPU
		{06186FD4-F5D9-4344-8A78-1993EA0954FF}.Ad-Hoc|Any CPU.Build.0 = Release|Any CPU
		{06186FD4-F5D9-4344-8A78-1993EA0954FF}.Ad-Hoc|Any CPU.Deploy.0 = Release|Any CPU
		{06186FD4-F5D9-4344-8A78-1993EA0954FF}.Ad-Hoc|ARM.ActiveCfg = Release|Any CPU
		{06186FD4-F5D9-4344-8A78-1993EA0954FF}.Ad-Hoc|ARM.Build.0 = Release|Any CPU
		{06186FD4-F5D9-4344-8A78-1993EA0954FF}.Ad-Hoc|ARM.Deploy.0 = Release|Any CPU
		{06186FD4-F5D9-4344-8A78-1993EA0954FF}.Ad-Hoc|iPhone.ActiveCfg = Release|Any CPU
		{06186FD4-F5D9-4344-8A78-1993EA0954FF}.Ad-Hoc|iPhone.Build.0 = Release|Any CPU
		{06186FD4-F5D9-4344-8A78-1993EA0954FF}.Ad-Hoc|iPhone.Deploy.0 = Release|Any CPU
		{06186FD4-F5D9-4344-8A78-1993EA0954FF}.Ad-Hoc|iPhoneSimulator.ActiveCfg = Release|Any CPU
		{06186FD4-F5D9-4344-8A78-1993EA0954FF}.Ad-Hoc|iPhoneSimulator.Build.0 = Release|Any CPU
		{06186FD4-F5D9-4344-8A78-1993EA0954FF}.Ad-Hoc|iPhoneSimulator.Deploy.0 = Release|Any CPU
		{06186FD4-F5D9-4344-8A78-1993EA0954FF}.Ad-Hoc|x86.ActiveCfg = Release|Any CPU
		{06186FD4-F5D9-4344-8A78-1993EA0954FF}.Ad-Hoc|x86.Build.0 = Release|Any CPU
		{06186FD4-F5D9-4344-8A78-1993EA0954FF}.Ad-Hoc|x86.Deploy.0 = Release|Any CPU
		{06186FD4-F5D9-4344-8A78-1993EA0954FF}.AppStore|Any CPU.ActiveCfg = Release|Any CPU
		{06186FD4-F5D9-4344-8A78-1993EA0954FF}.AppStore|Any CPU.Build.0 = Release|Any CPU
		{06186FD4-F5D9-4344-8A78-1993EA0954FF}.AppStore|Any CPU.Deploy.0 = Release|Any CPU
		{06186FD4-F5D9-4344-8A78-1993EA0954FF}.AppStore|ARM.ActiveCfg = Release|Any CPU
		{06186FD4-F5D9-4344-8A78-1993EA0954FF}.AppStore|ARM.Build.0 = Release|Any CPU
		{06186FD4-F5D9-4344-8A78-1993EA0954FF}.AppStore|ARM.Deploy.0 = Release|Any CPU
		{06186FD4-F5D9-4344-8A78-1993EA0954FF}.AppStore|iPhone.ActiveCfg = Release|Any CPU
		{06186FD4-F5D9-4344-8A78-1993EA0954FF}.AppStore|iPhone.Build.0 = Release|Any CPU
		{06186FD4-F5D9-4344-8A78-1993EA0954FF}.AppStore|iPhone.Deploy.0 = Release|Any CPU
		{06186FD4-F5D9-4344-8A78-1993EA0954FF}.AppStore|iPhoneSimulator.ActiveCfg = Release|Any CPU
		{06186FD4-F5D9-4344-8A78-1993EA0954FF}.AppStore|iPhoneSimulator.Build.0 = Release|Any CPU
		{06186FD4-F5D9-4344-8A78-1993EA0954FF}.AppStore|iPhoneSimulator.Deploy.0 = Release|Any CPU
		{06186FD4-F5D9-4344-8A78-1993EA0954FF}.AppStore|x86.ActiveCfg = Release|Any CPU
		{06186FD4-F5D9-4344-8A78-1993EA0954FF}.AppStore|x86.Build.0 = Release|Any CPU
		{06186FD4-F5D9-4344-8A78-1993EA0954FF}.AppStore|x86.Deploy.0 = Release|Any CPU
		{06186FD4-F5D9-4344-8A78-1993EA0954FF}.Debug|Any CPU.ActiveCfg = Debug|Any CPU
		{06186FD4-F5D9-4344-8A78-1993EA0954FF}.Debug|Any CPU.Build.0 = Debug|Any CPU
		{06186FD4-F5D9-4344-8A78-1993EA0954FF}.Debug|Any CPU.Deploy.0 = Debug|Any CPU
		{06186FD4-F5D9-4344-8A78-1993EA0954FF}.Debug|ARM.ActiveCfg = Debug|Any CPU
		{06186FD4-F5D9-4344-8A78-1993EA0954FF}.Debug|ARM.Build.0 = Debug|Any CPU
		{06186FD4-F5D9-4344-8A78-1993EA0954FF}.Debug|ARM.Deploy.0 = Debug|Any CPU
		{06186FD4-F5D9-4344-8A78-1993EA0954FF}.Debug|iPhone.ActiveCfg = Debug|Any CPU
		{06186FD4-F5D9-4344-8A78-1993EA0954FF}.Debug|iPhone.Build.0 = Debug|Any CPU
		{06186FD4-F5D9-4344-8A78-1993EA0954FF}.Debug|iPhone.Deploy.0 = Debug|Any CPU
		{06186FD4-F5D9-4344-8A78-1993EA0954FF}.Debug|iPhoneSimulator.ActiveCfg = Debug|Any CPU
		{06186FD4-F5D9-4344-8A78-1993EA0954FF}.Debug|iPhoneSimulator.Build.0 = Debug|Any CPU
		{06186FD4-F5D9-4344-8A78-1993EA0954FF}.Debug|iPhoneSimulator.Deploy.0 = Debug|Any CPU
		{06186FD4-F5D9-4344-8A78-1993EA0954FF}.Debug|x86.ActiveCfg = Debug|Any CPU
		{06186FD4-F5D9-4344-8A78-1993EA0954FF}.Debug|x86.Build.0 = Debug|Any CPU
		{06186FD4-F5D9-4344-8A78-1993EA0954FF}.Debug|x86.Deploy.0 = Debug|Any CPU
		{06186FD4-F5D9-4344-8A78-1993EA0954FF}.Release|Any CPU.ActiveCfg = Release|Any CPU
		{06186FD4-F5D9-4344-8A78-1993EA0954FF}.Release|Any CPU.Build.0 = Release|Any CPU
		{06186FD4-F5D9-4344-8A78-1993EA0954FF}.Release|Any CPU.Deploy.0 = Release|Any CPU
		{06186FD4-F5D9-4344-8A78-1993EA0954FF}.Release|ARM.ActiveCfg = Release|Any CPU
		{06186FD4-F5D9-4344-8A78-1993EA0954FF}.Release|ARM.Build.0 = Release|Any CPU
		{06186FD4-F5D9-4344-8A78-1993EA0954FF}.Release|ARM.Deploy.0 = Release|Any CPU
		{06186FD4-F5D9-4344-8A78-1993EA0954FF}.Release|iPhone.ActiveCfg = Release|Any CPU
		{06186FD4-F5D9-4344-8A78-1993EA0954FF}.Release|iPhone.Build.0 = Release|Any CPU
		{06186FD4-F5D9-4344-8A78-1993EA0954FF}.Release|iPhone.Deploy.0 = Release|Any CPU
		{06186FD4-F5D9-4344-8A78-1993EA0954FF}.Release|iPhoneSimulator.ActiveCfg = Release|Any CPU
		{06186FD4-F5D9-4344-8A78-1993EA0954FF}.Release|iPhoneSimulator.Build.0 = Release|Any CPU
		{06186FD4-F5D9-4344-8A78-1993EA0954FF}.Release|iPhoneSimulator.Deploy.0 = Release|Any CPU
		{06186FD4-F5D9-4344-8A78-1993EA0954FF}.Release|x86.ActiveCfg = Release|Any CPU
		{06186FD4-F5D9-4344-8A78-1993EA0954FF}.Release|x86.Build.0 = Release|Any CPU
		{06186FD4-F5D9-4344-8A78-1993EA0954FF}.Release|x86.Deploy.0 = Release|Any CPU
		{E9D94BDC-8F49-417B-BFFD-269BAB8BC647}.Ad-Hoc|Any CPU.ActiveCfg = Release|Any CPU
		{E9D94BDC-8F49-417B-BFFD-269BAB8BC647}.Ad-Hoc|Any CPU.Build.0 = Release|Any CPU
		{E9D94BDC-8F49-417B-BFFD-269BAB8BC647}.Ad-Hoc|Any CPU.Deploy.0 = Release|Any CPU
		{E9D94BDC-8F49-417B-BFFD-269BAB8BC647}.Ad-Hoc|ARM.ActiveCfg = Release|ARM
		{E9D94BDC-8F49-417B-BFFD-269BAB8BC647}.Ad-Hoc|ARM.Build.0 = Release|ARM
		{E9D94BDC-8F49-417B-BFFD-269BAB8BC647}.Ad-Hoc|ARM.Deploy.0 = Release|ARM
		{E9D94BDC-8F49-417B-BFFD-269BAB8BC647}.Ad-Hoc|iPhone.ActiveCfg = Release|Any CPU
		{E9D94BDC-8F49-417B-BFFD-269BAB8BC647}.Ad-Hoc|iPhone.Build.0 = Release|Any CPU
		{E9D94BDC-8F49-417B-BFFD-269BAB8BC647}.Ad-Hoc|iPhone.Deploy.0 = Release|Any CPU
		{E9D94BDC-8F49-417B-BFFD-269BAB8BC647}.Ad-Hoc|iPhoneSimulator.ActiveCfg = Release|Any CPU
		{E9D94BDC-8F49-417B-BFFD-269BAB8BC647}.Ad-Hoc|iPhoneSimulator.Build.0 = Release|Any CPU
		{E9D94BDC-8F49-417B-BFFD-269BAB8BC647}.Ad-Hoc|iPhoneSimulator.Deploy.0 = Release|Any CPU
		{E9D94BDC-8F49-417B-BFFD-269BAB8BC647}.Ad-Hoc|x86.ActiveCfg = Release|x86
		{E9D94BDC-8F49-417B-BFFD-269BAB8BC647}.Ad-Hoc|x86.Build.0 = Release|x86
		{E9D94BDC-8F49-417B-BFFD-269BAB8BC647}.Ad-Hoc|x86.Deploy.0 = Release|x86
		{E9D94BDC-8F49-417B-BFFD-269BAB8BC647}.AppStore|Any CPU.ActiveCfg = Release|Any CPU
		{E9D94BDC-8F49-417B-BFFD-269BAB8BC647}.AppStore|Any CPU.Build.0 = Release|Any CPU
		{E9D94BDC-8F49-417B-BFFD-269BAB8BC647}.AppStore|Any CPU.Deploy.0 = Release|Any CPU
		{E9D94BDC-8F49-417B-BFFD-269BAB8BC647}.AppStore|ARM.ActiveCfg = Release|ARM
		{E9D94BDC-8F49-417B-BFFD-269BAB8BC647}.AppStore|ARM.Build.0 = Release|ARM
		{E9D94BDC-8F49-417B-BFFD-269BAB8BC647}.AppStore|ARM.Deploy.0 = Release|ARM
		{E9D94BDC-8F49-417B-BFFD-269BAB8BC647}.AppStore|iPhone.ActiveCfg = Release|Any CPU
		{E9D94BDC-8F49-417B-BFFD-269BAB8BC647}.AppStore|iPhone.Build.0 = Release|Any CPU
		{E9D94BDC-8F49-417B-BFFD-269BAB8BC647}.AppStore|iPhone.Deploy.0 = Release|Any CPU
		{E9D94BDC-8F49-417B-BFFD-269BAB8BC647}.AppStore|iPhoneSimulator.ActiveCfg = Release|Any CPU
		{E9D94BDC-8F49-417B-BFFD-269BAB8BC647}.AppStore|iPhoneSimulator.Build.0 = Release|Any CPU
		{E9D94BDC-8F49-417B-BFFD-269BAB8BC647}.AppStore|iPhoneSimulator.Deploy.0 = Release|Any CPU
		{E9D94BDC-8F49-417B-BFFD-269BAB8BC647}.AppStore|x86.ActiveCfg = Release|x86
		{E9D94BDC-8F49-417B-BFFD-269BAB8BC647}.AppStore|x86.Build.0 = Release|x86
		{E9D94BDC-8F49-417B-BFFD-269BAB8BC647}.AppStore|x86.Deploy.0 = Release|x86
		{E9D94BDC-8F49-417B-BFFD-269BAB8BC647}.Debug|Any CPU.ActiveCfg = Debug|Any CPU
		{E9D94BDC-8F49-417B-BFFD-269BAB8BC647}.Debug|Any CPU.Build.0 = Debug|Any CPU
		{E9D94BDC-8F49-417B-BFFD-269BAB8BC647}.Debug|Any CPU.Deploy.0 = Debug|Any CPU
		{E9D94BDC-8F49-417B-BFFD-269BAB8BC647}.Debug|ARM.ActiveCfg = Debug|ARM
		{E9D94BDC-8F49-417B-BFFD-269BAB8BC647}.Debug|ARM.Build.0 = Debug|ARM
		{E9D94BDC-8F49-417B-BFFD-269BAB8BC647}.Debug|ARM.Deploy.0 = Debug|ARM
		{E9D94BDC-8F49-417B-BFFD-269BAB8BC647}.Debug|iPhone.ActiveCfg = Debug|Any CPU
		{E9D94BDC-8F49-417B-BFFD-269BAB8BC647}.Debug|iPhone.Build.0 = Debug|Any CPU
		{E9D94BDC-8F49-417B-BFFD-269BAB8BC647}.Debug|iPhone.Deploy.0 = Debug|Any CPU
		{E9D94BDC-8F49-417B-BFFD-269BAB8BC647}.Debug|iPhoneSimulator.ActiveCfg = Debug|Any CPU
		{E9D94BDC-8F49-417B-BFFD-269BAB8BC647}.Debug|iPhoneSimulator.Build.0 = Debug|Any CPU
		{E9D94BDC-8F49-417B-BFFD-269BAB8BC647}.Debug|iPhoneSimulator.Deploy.0 = Debug|Any CPU
		{E9D94BDC-8F49-417B-BFFD-269BAB8BC647}.Debug|x86.ActiveCfg = Debug|x86
		{E9D94BDC-8F49-417B-BFFD-269BAB8BC647}.Debug|x86.Build.0 = Debug|x86
		{E9D94BDC-8F49-417B-BFFD-269BAB8BC647}.Debug|x86.Deploy.0 = Debug|x86
		{E9D94BDC-8F49-417B-BFFD-269BAB8BC647}.Release|Any CPU.ActiveCfg = Release|Any CPU
		{E9D94BDC-8F49-417B-BFFD-269BAB8BC647}.Release|Any CPU.Build.0 = Release|Any CPU
		{E9D94BDC-8F49-417B-BFFD-269BAB8BC647}.Release|Any CPU.Deploy.0 = Release|Any CPU
		{E9D94BDC-8F49-417B-BFFD-269BAB8BC647}.Release|ARM.ActiveCfg = Release|ARM
		{E9D94BDC-8F49-417B-BFFD-269BAB8BC647}.Release|ARM.Build.0 = Release|ARM
		{E9D94BDC-8F49-417B-BFFD-269BAB8BC647}.Release|ARM.Deploy.0 = Release|ARM
		{E9D94BDC-8F49-417B-BFFD-269BAB8BC647}.Release|iPhone.ActiveCfg = Release|Any CPU
		{E9D94BDC-8F49-417B-BFFD-269BAB8BC647}.Release|iPhone.Build.0 = Release|Any CPU
		{E9D94BDC-8F49-417B-BFFD-269BAB8BC647}.Release|iPhone.Deploy.0 = Release|Any CPU
		{E9D94BDC-8F49-417B-BFFD-269BAB8BC647}.Release|iPhoneSimulator.ActiveCfg = Release|Any CPU
		{E9D94BDC-8F49-417B-BFFD-269BAB8BC647}.Release|iPhoneSimulator.Build.0 = Release|Any CPU
		{E9D94BDC-8F49-417B-BFFD-269BAB8BC647}.Release|iPhoneSimulator.Deploy.0 = Release|Any CPU
		{E9D94BDC-8F49-417B-BFFD-269BAB8BC647}.Release|x86.ActiveCfg = Release|x86
		{E9D94BDC-8F49-417B-BFFD-269BAB8BC647}.Release|x86.Build.0 = Release|x86
		{E9D94BDC-8F49-417B-BFFD-269BAB8BC647}.Release|x86.Deploy.0 = Release|x86
	EndGlobalSection
	GlobalSection(SolutionProperties) = preSolution
		HideSolutionNode = FALSE
	EndGlobalSection
EndGlobal
